// !$*UTF8*$!
{
	archiveVersion = 1;
	classes = {
	};
	objectVersion = 56;
	objects = {

/* Begin PBXBuildFile section */
		8E1C641E2A5F42AA00BFEFBF /* TrigViewController1.swift in Sources */ = {isa = PBXBuildFile; fileRef = 8E1C641D2A5F42AA00BFEFBF /* TrigViewController1.swift */; };
		8E1C801B2A3BE51B0014396E /* AppDelegate.swift in Sources */ = {isa = PBXBuildFile; fileRef = 8E1C801A2A3BE51B0014396E /* AppDelegate.swift */; };
		8E1C801D2A3BE51B0014396E /* SceneDelegate.swift in Sources */ = {isa = PBXBuildFile; fileRef = 8E1C801C2A3BE51B0014396E /* SceneDelegate.swift */; };
		8E1C801F2A3BE51B0014396E /* HomeViewController.swift in Sources */ = {isa = PBXBuildFile; fileRef = 8E1C801E2A3BE51B0014396E /* HomeViewController.swift */; };
		8E1C80222A3BE51B0014396E /* Main.storyboard in Resources */ = {isa = PBXBuildFile; fileRef = 8E1C80202A3BE51B0014396E /* Main.storyboard */; };
		8E1C80242A3BE51D0014396E /* Assets.xcassets in Resources */ = {isa = PBXBuildFile; fileRef = 8E1C80232A3BE51D0014396E /* Assets.xcassets */; };
		8E1C80272A3BE51D0014396E /* LaunchScreen.storyboard in Resources */ = {isa = PBXBuildFile; fileRef = 8E1C80252A3BE51D0014396E /* LaunchScreen.storyboard */; };
		8E1C802F2A3BF27E0014396E /* SelectViewController.swift in Sources */ = {isa = PBXBuildFile; fileRef = 8E1C802E2A3BF27E0014396E /* SelectViewController.swift */; };
		8E1C80312A40B0160014396E /* TrigViewController.swift in Sources */ = {isa = PBXBuildFile; fileRef = 8E1C80302A40B0160014396E /* TrigViewController.swift */; };
		8E6DE3262A4111F40053FF46 /* ResultViewController.swift in Sources */ = {isa = PBXBuildFile; fileRef = 8E6DE3252A4111F40053FF46 /* ResultViewController.swift */; };
/* End PBXBuildFile section */

/* Begin PBXFileReference section */
		8E1C641D2A5F42AA00BFEFBF /* TrigViewController1.swift */ = {isa = PBXFileReference; lastKnownFileType = sourcecode.swift; path = TrigViewController1.swift; sourceTree = "<group>"; };
		8E1C80172A3BE51B0014396E /* ScratchJr Quiz.app */ = {isa = PBXFileReference; explicitFileType = wrapper.application; includeInIndex = 0; path = "ScratchJr Quiz.app"; sourceTree = BUILT_PRODUCTS_DIR; };
		8E1C801A2A3BE51B0014396E /* AppDelegate.swift */ = {isa = PBXFileReference; lastKnownFileType = sourcecode.swift; path = AppDelegate.swift; sourceTree = "<group>"; };
		8E1C801C2A3BE51B0014396E /* SceneDelegate.swift */ = {isa = PBXFileReference; lastKnownFileType = sourcecode.swift; path = SceneDelegate.swift; sourceTree = "<group>"; };
		8E1C801E2A3BE51B0014396E /* HomeViewController.swift */ = {isa = PBXFileReference; lastKnownFileType = sourcecode.swift; path = HomeViewController.swift; sourceTree = "<group>"; };
		8E1C80212A3BE51B0014396E /* Base */ = {isa = PBXFileReference; lastKnownFileType = file.storyboard; name = Base; path = Base.lproj/Main.storyboard; sourceTree = "<group>"; };
		8E1C80232A3BE51D0014396E /* Assets.xcassets */ = {isa = PBXFileReference; lastKnownFileType = folder.assetcatalog; path = Assets.xcassets; sourceTree = "<group>"; };
		8E1C80262A3BE51D0014396E /* Base */ = {isa = PBXFileReference; lastKnownFileType = file.storyboard; name = Base; path = Base.lproj/LaunchScreen.storyboard; sourceTree = "<group>"; };
		8E1C80282A3BE51D0014396E /* Info.plist */ = {isa = PBXFileReference; lastKnownFileType = text.plist.xml; path = Info.plist; sourceTree = "<group>"; };
		8E1C802E2A3BF27E0014396E /* SelectViewController.swift */ = {isa = PBXFileReference; lastKnownFileType = sourcecode.swift; path = SelectViewController.swift; sourceTree = "<group>"; };
		8E1C80302A40B0160014396E /* TrigViewController.swift */ = {isa = PBXFileReference; lastKnownFileType = sourcecode.swift; path = TrigViewController.swift; sourceTree = "<group>"; };
		8E6DE3252A4111F40053FF46 /* ResultViewController.swift */ = {isa = PBXFileReference; lastKnownFileType = sourcecode.swift; path = ResultViewController.swift; sourceTree = "<group>"; };
/* End PBXFileReference section */

/* Begin PBXFrameworksBuildPhase section */
		8E1C80142A3BE51B0014396E /* Frameworks */ = {
			isa = PBXFrameworksBuildPhase;
			buildActionMask = 2147483647;
			files = (
			);
			runOnlyForDeploymentPostprocessing = 0;
		};
/* End PBXFrameworksBuildPhase section */

/* Begin PBXGroup section */
		8E1C800E2A3BE51B0014396E = {
			isa = PBXGroup;
			children = (
				8E1C80192A3BE51B0014396E /* ScratchJr Quiz */,
				8E1C80182A3BE51B0014396E /* Products */,
			);
			sourceTree = "<group>";
		};
		8E1C80182A3BE51B0014396E /* Products */ = {
			isa = PBXGroup;
			children = (
				8E1C80172A3BE51B0014396E /* ScratchJr Quiz.app */,
			);
			name = Products;
			sourceTree = "<group>";
		};
		8E1C80192A3BE51B0014396E /* ScratchJr Quiz */ = {
			isa = PBXGroup;
			children = (
				8E1C801A2A3BE51B0014396E /* AppDelegate.swift */,
				8E1C801C2A3BE51B0014396E /* SceneDelegate.swift */,
				8E1C801E2A3BE51B0014396E /* HomeViewController.swift */,
				8E1C802E2A3BF27E0014396E /* SelectViewController.swift */,
				8E1C80302A40B0160014396E /* TrigViewController.swift */,
				8E1C641D2A5F42AA00BFEFBF /* TrigViewController1.swift */,
				8E6DE3252A4111F40053FF46 /* ResultViewController.swift */,
				8E1C80202A3BE51B0014396E /* Main.storyboard */,
				8E1C80232A3BE51D0014396E /* Assets.xcassets */,
				8E1C80252A3BE51D0014396E /* LaunchScreen.storyboard */,
				8E1C80282A3BE51D0014396E /* Info.plist */,
			);
			path = "ScratchJr Quiz";
			sourceTree = "<group>";
		};
/* End PBXGroup section */

/* Begin PBXNativeTarget section */
		8E1C80162A3BE51B0014396E /* ScratchJr Quiz */ = {
			isa = PBXNativeTarget;
			buildConfigurationList = 8E1C802B2A3BE51D0014396E /* Build configuration list for PBXNativeTarget "ScratchJr Quiz" */;
			buildPhases = (
				8E1C80132A3BE51B0014396E /* Sources */,
				8E1C80142A3BE51B0014396E /* Frameworks */,
				8E1C80152A3BE51B0014396E /* Resources */,
			);
			buildRules = (
			);
			dependencies = (
			);
			name = "ScratchJr Quiz";
			productName = "ScratchJr Quiz";
			productReference = 8E1C80172A3BE51B0014396E /* ScratchJr Quiz.app */;
			productType = "com.apple.product-type.application";
		};
/* End PBXNativeTarget section */

/* Begin PBXProject section */
		8E1C800F2A3BE51B0014396E /* Project object */ = {
			isa = PBXProject;
			attributes = {
				BuildIndependentTargetsInParallel = 1;
				LastSwiftUpdateCheck = 1430;
				LastUpgradeCheck = 1430;
				TargetAttributes = {
					8E1C80162A3BE51B0014396E = {
						CreatedOnToolsVersion = 14.3.1;
					};
				};
			};
			buildConfigurationList = 8E1C80122A3BE51B0014396E /* Build configuration list for PBXProject "ScratchJr Quiz" */;
			compatibilityVersion = "Xcode 14.0";
			developmentRegion = en;
			hasScannedForEncodings = 0;
			knownRegions = (
				en,
				Base,
			);
			mainGroup = 8E1C800E2A3BE51B0014396E;
			productRefGroup = 8E1C80182A3BE51B0014396E /* Products */;
			projectDirPath = "";
			projectRoot = "";
			targets = (
				8E1C80162A3BE51B0014396E /* ScratchJr Quiz */,
			);
		};
/* End PBXProject section */

/* Begin PBXResourcesBuildPhase section */
		8E1C80152A3BE51B0014396E /* Resources */ = {
			isa = PBXResourcesBuildPhase;
			buildActionMask = 2147483647;
			files = (
				8E1C80272A3BE51D0014396E /* LaunchScreen.storyboard in Resources */,
				8E1C80242A3BE51D0014396E /* Assets.xcassets in Resources */,
				8E1C80222A3BE51B0014396E /* Main.storyboard in Resources */,
			);
			runOnlyForDeploymentPostprocessing = 0;
		};
/* End PBXResourcesBuildPhase section */

/* Begin PBXSourcesBuildPhase section */
		8E1C80132A3BE51B0014396E /* Sources */ = {
			isa = PBXSourcesBuildPhase;
			buildActionMask = 2147483647;
			files = (
				8E1C801F2A3BE51B0014396E /* HomeViewController.swift in Sources */,
				8E1C802F2A3BF27E0014396E /* SelectViewController.swift in Sources */,
				8E1C801B2A3BE51B0014396E /* AppDelegate.swift in Sources */,
				8E1C801D2A3BE51B0014396E /* SceneDelegate.swift in Sources */,
				8E1C641E2A5F42AA00BFEFBF /* TrigViewController1.swift in Sources */,
				8E1C80312A40B0160014396E /* TrigViewController.swift in Sources */,
				8E6DE3262A4111F40053FF46 /* ResultViewController.swift in Sources */,
			);
			runOnlyForDeploymentPostprocessing = 0;
		};
/* End PBXSourcesBuildPhase section */

/* Begin PBXVariantGroup section */
		8E1C80202A3BE51B0014396E /* Main.storyboard */ = {
			isa = PBXVariantGroup;
			children = (
				8E1C80212A3BE51B0014396E /* Base */,
			);
			name = Main.storyboard;
			sourceTree = "<group>";
		};
		8E1C80252A3BE51D0014396E /* LaunchScreen.storyboard */ = {
			isa = PBXVariantGroup;
			children = (
				8E1C80262A3BE51D0014396E /* Base */,
			);
			name = LaunchScreen.storyboard;
			sourceTree = "<group>";
		};
/* End PBXVariantGroup section */

/* Begin XCBuildConfiguration section */
		8E1C80292A3BE51D0014396E /* Debug */ = {
			isa = XCBuildConfiguration;
			buildSettings = {
				ALWAYS_SEARCH_USER_PATHS = NO;
				CLANG_ANALYZER_NONNULL = YES;
				CLANG_ANALYZER_NUMBER_OBJECT_CONVERSION = YES_AGGRESSIVE;
				CLANG_CXX_LANGUAGE_STANDARD = "gnu++20";
				CLANG_ENABLE_MODULES = YES;
				CLANG_ENABLE_OBJC_ARC = YES;
				CLANG_ENABLE_OBJC_WEAK = YES;
				CLANG_WARN_BLOCK_CAPTURE_AUTORELEASING = YES;
				CLANG_WARN_BOOL_CONVERSION = YES;
				CLANG_WARN_COMMA = YES;
				CLANG_WARN_CONSTANT_CONVERSION = YES;
				CLANG_WARN_DEPRECATED_OBJC_IMPLEMENTATIONS = YES;
				CLANG_WARN_DIRECT_OBJC_ISA_USAGE = YES_ERROR;
				CLANG_WARN_DOCUMENTATION_COMMENTS = YES;
				CLANG_WARN_EMPTY_BODY = YES;
				CLANG_WARN_ENUM_CONVERSION = YES;
				CLANG_WARN_INFINITE_RECURSION = YES;
				CLANG_WARN_INT_CONVERSION = YES;
				CLANG_WARN_NON_LITERAL_NULL_CONVERSION = YES;
				CLANG_WARN_OBJC_IMPLICIT_RETAIN_SELF = YES;
				CLANG_WARN_OBJC_LITERAL_CONVERSION = YES;
				CLANG_WARN_OBJC_ROOT_CLASS = YES_ERROR;
				CLANG_WARN_QUOTED_INCLUDE_IN_FRAMEWORK_HEADER = YES;
				CLANG_WARN_RANGE_LOOP_ANALYSIS = YES;
				CLANG_WARN_STRICT_PROTOTYPES = YES;
				CLANG_WARN_SUSPICIOUS_MOVE = YES;
				CLANG_WARN_UNGUARDED_AVAILABILITY = YES_AGGRESSIVE;
				CLANG_WARN_UNREACHABLE_CODE = YES;
				CLANG_WARN__DUPLICATE_METHOD_MATCH = YES;
				COPY_PHASE_STRIP = NO;
				DEBUG_INFORMATION_FORMAT = dwarf;
				ENABLE_STRICT_OBJC_MSGSEND = YES;
				ENABLE_TESTABILITY = YES;
				GCC_C_LANGUAGE_STANDARD = gnu11;
				GCC_DYNAMIC_NO_PIC = NO;
				GCC_NO_COMMON_BLOCKS = YES;
				GCC_OPTIMIZATION_LEVEL = 0;
				GCC_PREPROCESSOR_DEFINITIONS = (
					"DEBUG=1",
					"$(inherited)",
				);
				GCC_WARN_64_TO_32_BIT_CONVERSION = YES;
				GCC_WARN_ABOUT_RETURN_TYPE = YES_ERROR;
				GCC_WARN_UNDECLARED_SELECTOR = YES;
				GCC_WARN_UNINITIALIZED_AUTOS = YES_AGGRESSIVE;
				GCC_WARN_UNUSED_FUNCTION = YES;
				GCC_WARN_UNUSED_VARIABLE = YES;
				IPHONEOS_DEPLOYMENT_TARGET = 16.4;
				MTL_ENABLE_DEBUG_INFO = INCLUDE_SOURCE;
				MTL_FAST_MATH = YES;
				ONLY_ACTIVE_ARCH = YES;
				SDKROOT = iphoneos;
				SWIFT_ACTIVE_COMPILATION_CONDITIONS = DEBUG;
				SWIFT_OPTIMIZATION_LEVEL = "-Onone";
			};
			name = Debug;
		};
		8E1C802A2A3BE51D0014396E /* Release */ = {
			isa = XCBuildConfiguration;
			buildSettings = {
				ALWAYS_SEARCH_USER_PATHS = NO;
				CLANG_ANALYZER_NONNULL = YES;
				CLANG_ANALYZER_NUMBER_OBJECT_CONVERSION = YES_AGGRESSIVE;
				CLANG_CXX_LANGUAGE_STANDARD = "gnu++20";
				CLANG_ENABLE_MODULES = YES;
				CLANG_ENABLE_OBJC_ARC = YES;
				CLANG_ENABLE_OBJC_WEAK = YES;
				CLANG_WARN_BLOCK_CAPTURE_AUTORELEASING = YES;
				CLANG_WARN_BOOL_CONVERSION = YES;
				CLANG_WARN_COMMA = YES;
				CLANG_WARN_CONSTANT_CONVERSION = YES;
				CLANG_WARN_DEPRECATED_OBJC_IMPLEMENTATIONS = YES;
				CLANG_WARN_DIRECT_OBJC_ISA_USAGE = YES_ERROR;
				CLANG_WARN_DOCUMENTATION_COMMENTS = YES;
				CLANG_WARN_EMPTY_BODY = YES;
				CLANG_WARN_ENUM_CONVERSION = YES;
				CLANG_WARN_INFINITE_RECURSION = YES;
				CLANG_WARN_INT_CONVERSION = YES;
				CLANG_WARN_NON_LITERAL_NULL_CONVERSION = YES;
				CLANG_WARN_OBJC_IMPLICIT_RETAIN_SELF = YES;
				CLANG_WARN_OBJC_LITERAL_CONVERSION = YES;
				CLANG_WARN_OBJC_ROOT_CLASS = YES_ERROR;
				CLANG_WARN_QUOTED_INCLUDE_IN_FRAMEWORK_HEADER = YES;
				CLANG_WARN_RANGE_LOOP_ANALYSIS = YES;
				CLANG_WARN_STRICT_PROTOTYPES = YES;
				CLANG_WARN_SUSPICIOUS_MOVE = YES;
				CLANG_WARN_UNGUARDED_AVAILABILITY = YES_AGGRESSIVE;
				CLANG_WARN_UNREACHABLE_CODE = YES;
				CLANG_WARN__DUPLICATE_METHOD_MATCH = YES;
				COPY_PHASE_STRIP = NO;
				DEBUG_INFORMATION_FORMAT = "dwarf-with-dsym";
				ENABLE_NS_ASSERTIONS = NO;
				ENABLE_STRICT_OBJC_MSGSEND = YES;
				GCC_C_LANGUAGE_STANDARD = gnu11;
				GCC_NO_COMMON_BLOCKS = YES;
				GCC_WARN_64_TO_32_BIT_CONVERSION = YES;
				GCC_WARN_ABOUT_RETURN_TYPE = YES_ERROR;
				GCC_WARN_UNDECLARED_SELECTOR = YES;
				GCC_WARN_UNINITIALIZED_AUTOS = YES_AGGRESSIVE;
				GCC_WARN_UNUSED_FUNCTION = YES;
				GCC_WARN_UNUSED_VARIABLE = YES;
				IPHONEOS_DEPLOYMENT_TARGET = 16.4;
				MTL_ENABLE_DEBUG_INFO = NO;
				MTL_FAST_MATH = YES;
				SDKROOT = iphoneos;
				SWIFT_COMPILATION_MODE = wholemodule;
				SWIFT_OPTIMIZATION_LEVEL = "-O";
				VALIDATE_PRODUCT = YES;
			};
			name = Release;
		};
		8E1C802C2A3BE51D0014396E /* Debug */ = {
			isa = XCBuildConfiguration;
			buildSettings = {
				ASSETCATALOG_COMPILER_APPICON_NAME = AppIcon;
				ASSETCATALOG_COMPILER_GLOBAL_ACCENT_COLOR_NAME = AccentColor;
				CODE_SIGN_STYLE = Automatic;
				CURRENT_PROJECT_VERSION = 1;
				GENERATE_INFOPLIST_FILE = YES;
				INFOPLIST_FILE = "ScratchJr Quiz/Info.plist";
				INFOPLIST_KEY_UIApplicationSupportsIndirectInputEvents = YES;
				INFOPLIST_KEY_UILaunchStoryboardName = LaunchScreen;
				INFOPLIST_KEY_UIMainStoryboardFile = Main;
				INFOPLIST_KEY_UISupportedInterfaceOrientations_iPad = "UIInterfaceOrientationPortrait UIInterfaceOrientationPortraitUpsideDown UIInterfaceOrientationLandscapeLeft UIInterfaceOrientationLandscapeRight";
				INFOPLIST_KEY_UISupportedInterfaceOrientations_iPhone = "UIInterfaceOrientationPortrait UIInterfaceOrientationLandscapeLeft UIInterfaceOrientationLandscapeRight";
				LD_RUNPATH_SEARCH_PATHS = (
					"$(inherited)",
					"@executable_path/Frameworks",
				);
				MARKETING_VERSION = 1.0;
				PRODUCT_BUNDLE_IDENTIFIER = "com.example.ScratchJr-Quiz";
				PRODUCT_NAME = "$(TARGET_NAME)";
				SWIFT_EMIT_LOC_STRINGS = YES;
				SWIFT_VERSION = 5.0;
				TARGETED_DEVICE_FAMILY = "1,2";
			};
			name = Debug;
		};
		8E1C802D2A3BE51D0014396E /* Release */ = {
			isa = XCBuildConfiguration;
			buildSettings = {
				ASSETCATALOG_COMPILER_APPICON_NAME = AppIcon;
				ASSETCATALOG_COMPILER_GLOBAL_ACCENT_COLOR_NAME = AccentColor;
				CODE_SIGN_STYLE = Automatic;
				CURRENT_PROJECT_VERSION = 1;
				GENERATE_INFOPLIST_FILE = YES;
				INFOPLIST_FILE = "ScratchJr Quiz/Info.plist";
				INFOPLIST_KEY_UIApplicationSupportsIndirectInputEvents = YES;
				INFOPLIST_KEY_UILaunchStoryboardName = LaunchScreen;
				INFOPLIST_KEY_UIMainStoryboardFile = Main;
				INFOPLIST_KEY_UISupportedInterfaceOrientations_iPad = "UIInterfaceOrientationPortrait UIInterfaceOrientationPortraitUpsideDown UIInterfaceOrientationLandscapeLeft UIInterfaceOrientationLandscapeRight";
				INFOPLIST_KEY_UISupportedInterfaceOrientations_iPhone = "UIInterfaceOrientationPortrait UIInterfaceOrientationLandscapeLeft UIInterfaceOrientationLandscapeRight";
				LD_RUNPATH_SEARCH_PATHS = (
					"$(inherited)",
					"@executable_path/Frameworks",
				);
				MARKETING_VERSION = 1.0;
				PRODUCT_BUNDLE_IDENTIFIER = "com.example.ScratchJr-Quiz";
				PRODUCT_NAME = "$(TARGET_NAME)";
				SWIFT_EMIT_LOC_STRINGS = YES;
				SWIFT_VERSION = 5.0;
				TARGETED_DEVICE_FAMILY = "1,2";
			};
			name = Release;
		};
/* End XCBuildConfiguration section */

/* Begin XCConfigurationList section */
		8E1C80122A3BE51B0014396E /* Build configuration list for PBXProject "ScratchJr Quiz" */ = {
			isa = XCConfigurationList;
			buildConfigurations = (
				8E1C80292A3BE51D0014396E /* Debug */,
				8E1C802A2A3BE51D0014396E /* Release */,
			);
			defaultConfigurationIsVisible = 0;
			defaultConfigurationName = Release;
		};
		8E1C802B2A3BE51D0014396E /* Build configuration list for PBXNativeTarget "ScratchJr Quiz" */ = {
			isa = XCConfigurationList;
			buildConfigurations = (
				8E1C802C2A3BE51D0014396E /* Debug */,
				8E1C802D2A3BE51D0014396E /* Release */,
			);
			defaultConfigurationIsVisible = 0;
			defaultConfigurationName = Release;
		};
/* End XCConfigurationList section */
	};
	rootObject = 8E1C800F2A3BE51B0014396E /* Project object */;
}
